// !$*UTF8*$!
{
	archiveVersion = 1;
	classes = {
	};
	objectVersion = 48;
	objects = {

/* Begin PBXBuildFile section */
		9D56F8D52039E00F003BD357 /* AppDelegate.swift in Sources */ = {isa = PBXBuildFile; fileRef = 9D56F8D42039E00F003BD357 /* AppDelegate.swift */; };
		9D56F8D72039E00F003BD357 /* ViewController.swift in Sources */ = {isa = PBXBuildFile; fileRef = 9D56F8D62039E00F003BD357 /* ViewController.swift */; };
		9D56F8DA2039E00F003BD357 /* Main.storyboard in Resources */ = {isa = PBXBuildFile; fileRef = 9D56F8D82039E00F003BD357 /* Main.storyboard */; };
		9D56F8DC2039E00F003BD357 /* Assets.xcassets in Resources */ = {isa = PBXBuildFile; fileRef = 9D56F8DB2039E00F003BD357 /* Assets.xcassets */; };
		9D56F8DF2039E00F003BD357 /* LaunchScreen.storyboard in Resources */ = {isa = PBXBuildFile; fileRef = 9D56F8DD2039E00F003BD357 /* LaunchScreen.storyboard */; };
		9D56F8EA2039E00F003BD357 /* AskTests.swift in Sources */ = {isa = PBXBuildFile; fileRef = 9D56F8E92039E00F003BD357 /* AskTests.swift */; };
		9D56F8F52039E00F003BD357 /* AskUITests.swift in Sources */ = {isa = PBXBuildFile; fileRef = 9D56F8F42039E00F003BD357 /* AskUITests.swift */; };
/* End PBXBuildFile section */

/* Begin PBXContainerItemProxy section */
		9D56F8E62039E00F003BD357 /* PBXContainerItemProxy */ = {
			isa = PBXContainerItemProxy;
			containerPortal = 9D56F8C92039E00F003BD357 /* Project object */;
			proxyType = 1;
			remoteGlobalIDString = 9D56F8D02039E00F003BD357;
			remoteInfo = Ask;
		};
		9D56F8F12039E00F003BD357 /* PBXContainerItemProxy */ = {
			isa = PBXContainerItemProxy;
			containerPortal = 9D56F8C92039E00F003BD357 /* Project object */;
			proxyType = 1;
			remoteGlobalIDString = 9D56F8D02039E00F003BD357;
			remoteInfo = Ask;
		};
/* End PBXContainerItemProxy section */

/* Begin PBXFileReference section */
		9D56F8D12039E00F003BD357 /* Ask.app */ = {isa = PBXFileReference; explicitFileType = wrapper.application; includeInIndex = 0; path = Ask.app; sourceTree = BUILT_PRODUCTS_DIR; };
		9D56F8D42039E00F003BD357 /* AppDelegate.swift */ = {isa = PBXFileReference; lastKnownFileType = sourcecode.swift; path = AppDelegate.swift; sourceTree = "<group>"; };
		9D56F8D62039E00F003BD357 /* ViewController.swift */ = {isa = PBXFileReference; lastKnownFileType = sourcecode.swift; path = ViewController.swift; sourceTree = "<group>"; };
		9D56F8D92039E00F003BD357 /* Base */ = {isa = PBXFileReference; lastKnownFileType = file.storyboard; name = Base; path = Base.lproj/Main.storyboard; sourceTree = "<group>"; };
		9D56F8DB2039E00F003BD357 /* Assets.xcassets */ = {isa = PBXFileReference; lastKnownFileType = folder.assetcatalog; path = Assets.xcassets; sourceTree = "<group>"; };
		9D56F8DE2039E00F003BD357 /* Base */ = {isa = PBXFileReference; lastKnownFileType = file.storyboard; name = Base; path = Base.lproj/LaunchScreen.storyboard; sourceTree = "<group>"; };
		9D56F8E02039E00F003BD357 /* Info.plist */ = {isa = PBXFileReference; lastKnownFileType = text.plist.xml; path = Info.plist; sourceTree = "<group>"; };
		9D56F8E52039E00F003BD357 /* AskTests.xctest */ = {isa = PBXFileReference; explicitFileType = wrapper.cfbundle; includeInIndex = 0; path = AskTests.xctest; sourceTree = BUILT_PRODUCTS_DIR; };
		9D56F8E92039E00F003BD357 /* AskTests.swift */ = {isa = PBXFileReference; lastKnownFileType = sourcecode.swift; path = AskTests.swift; sourceTree = "<group>"; };
		9D56F8EB2039E00F003BD357 /* Info.plist */ = {isa = PBXFileReference; lastKnownFileType = text.plist.xml; path = Info.plist; sourceTree = "<group>"; };
		9D56F8F02039E00F003BD357 /* AskUITests.xctest */ = {isa = PBXFileReference; explicitFileType = wrapper.cfbundle; includeInIndex = 0; path = AskUITests.xctest; sourceTree = BUILT_PRODUCTS_DIR; };
		9D56F8F42039E00F003BD357 /* AskUITests.swift */ = {isa = PBXFileReference; lastKnownFileType = sourcecode.swift; path = AskUITests.swift; sourceTree = "<group>"; };
		9D56F8F62039E00F003BD357 /* Info.plist */ = {isa = PBXFileReference; lastKnownFileType = text.plist.xml; path = Info.plist; sourceTree = "<group>"; };
/* End PBXFileReference section */

/* Begin PBXFrameworksBuildPhase section */
		9D56F8CE2039E00F003BD357 /* Frameworks */ = {
			isa = PBXFrameworksBuildPhase;
			buildActionMask = 2147483647;
			files = (
			);
			runOnlyForDeploymentPostprocessing = 0;
		};
		9D56F8E22039E00F003BD357 /* Frameworks */ = {
			isa = PBXFrameworksBuildPhase;
			buildActionMask = 2147483647;
			files = (
			);
			runOnlyForDeploymentPostprocessing = 0;
		};
		9D56F8ED2039E00F003BD357 /* Frameworks */ = {
			isa = PBXFrameworksBuildPhase;
			buildActionMask = 2147483647;
			files = (
			);
			runOnlyForDeploymentPostprocessing = 0;
		};
/* End PBXFrameworksBuildPhase section */

/* Begin PBXGroup section */
		9D56F8C82039E00F003BD357 = {
			isa = PBXGroup;
			children = (
				9D56F8D32039E00F003BD357 /* Ask */,
				9D56F8E82039E00F003BD357 /* AskTests */,
				9D56F8F32039E00F003BD357 /* AskUITests */,
				9D56F8D22039E00F003BD357 /* Products */,
			);
			sourceTree = "<group>";
		};
		9D56F8D22039E00F003BD357 /* Products */ = {
			isa = PBXGroup;
			children = (
				9D56F8D12039E00F003BD357 /* Ask.app */,
				9D56F8E52039E00F003BD357 /* AskTests.xctest */,
				9D56F8F02039E00F003BD357 /* AskUITests.xctest */,
			);
			name = Products;
			sourceTree = "<group>";
		};
		9D56F8D32039E00F003BD357 /* Ask */ = {
			isa = PBXGroup;
			children = (
				9D56F8D42039E00F003BD357 /* AppDelegate.swift */,
				9D56F8D62039E00F003BD357 /* ViewController.swift */,
				9D56F8D82039E00F003BD357 /* Main.storyboard */,
				9D56F8DB2039E00F003BD357 /* Assets.xcassets */,
				9D56F8DD2039E00F003BD357 /* LaunchScreen.storyboard */,
				9D56F8E02039E00F003BD357 /* Info.plist */,
			);
			path = Ask;
			sourceTree = "<group>";
		};
		9D56F8E82039E00F003BD357 /* AskTests */ = {
			isa = PBXGroup;
			children = (
				9D56F8E92039E00F003BD357 /* AskTests.swift */,
				9D56F8EB2039E00F003BD357 /* Info.plist */,
			);
			path = AskTests;
			sourceTree = "<group>";
		};
		9D56F8F32039E00F003BD357 /* AskUITests */ = {
			isa = PBXGroup;
			children = (
				9D56F8F42039E00F003BD357 /* AskUITests.swift */,
				9D56F8F62039E00F003BD357 /* Info.plist */,
			);
			path = AskUITests;
			sourceTree = "<group>";
		};
/* End PBXGroup section */

/* Begin PBXNativeTarget section */
		9D56F8D02039E00F003BD357 /* Ask */ = {
			isa = PBXNativeTarget;
			buildConfigurationList = 9D56F8F92039E00F003BD357 /* Build configuration list for PBXNativeTarget "Ask" */;
			buildPhases = (
				9D56F8CD2039E00F003BD357 /* Sources */,
				9D56F8CE2039E00F003BD357 /* Frameworks */,
				9D56F8CF2039E00F003BD357 /* Resources */,
			);
			buildRules = (
			);
			dependencies = (
			);
			name = Ask;
			productName = Ask;
			productReference = 9D56F8D12039E00F003BD357 /* Ask.app */;
			productType = "com.apple.product-type.application";
		};
		9D56F8E42039E00F003BD357 /* AskTests */ = {
			isa = PBXNativeTarget;
			buildConfigurationList = 9D56F8FC2039E00F003BD357 /* Build configuration list for PBXNativeTarget "AskTests" */;
			buildPhases = (
				9D56F8E12039E00F003BD357 /* Sources */,
				9D56F8E22039E00F003BD357 /* Frameworks */,
				9D56F8E32039E00F003BD357 /* Resources */,
			);
			buildRules = (
			);
			dependencies = (
				9D56F8E72039E00F003BD357 /* PBXTargetDependency */,
			);
			name = AskTests;
			productName = AskTests;
			productReference = 9D56F8E52039E00F003BD357 /* AskTests.xctest */;
			productType = "com.apple.product-type.bundle.unit-test";
		};
		9D56F8EF2039E00F003BD357 /* AskUITests */ = {
			isa = PBXNativeTarget;
			buildConfigurationList = 9D56F8FF2039E00F003BD357 /* Build configuration list for PBXNativeTarget "AskUITests" */;
			buildPhases = (
				9D56F8EC2039E00F003BD357 /* Sources */,
				9D56F8ED2039E00F003BD357 /* Frameworks */,
				9D56F8EE2039E00F003BD357 /* Resources */,
			);
			buildRules = (
			);
			dependencies = (
				9D56F8F22039E00F003BD357 /* PBXTargetDependency */,
			);
			name = AskUITests;
			productName = AskUITests;
			productReference = 9D56F8F02039E00F003BD357 /* AskUITests.xctest */;
			productType = "com.apple.product-type.bundle.ui-testing";
		};
/* End PBXNativeTarget section */

/* Begin PBXProject section */
		9D56F8C92039E00F003BD357 /* Project object */ = {
			isa = PBXProject;
			attributes = {
				LastSwiftUpdateCheck = 0920;
				LastUpgradeCheck = 0920;
				ORGANIZATIONNAME = "AA Tech";
				TargetAttributes = {
					9D56F8D02039E00F003BD357 = {
						CreatedOnToolsVersion = 9.2;
						ProvisioningStyle = Automatic;
					};
					9D56F8E42039E00F003BD357 = {
						CreatedOnToolsVersion = 9.2;
						ProvisioningStyle = Automatic;
						TestTargetID = 9D56F8D02039E00F003BD357;
					};
					9D56F8EF2039E00F003BD357 = {
						CreatedOnToolsVersion = 9.2;
						ProvisioningStyle = Automatic;
						TestTargetID = 9D56F8D02039E00F003BD357;
					};
				};
			};
			buildConfigurationList = 9D56F8CC2039E00F003BD357 /* Build configuration list for PBXProject "Ask" */;
			compatibilityVersion = "Xcode 8.0";
			developmentRegion = en;
			hasScannedForEncodings = 0;
			knownRegions = (
				en,
				Base,
			);
			mainGroup = 9D56F8C82039E00F003BD357;
			productRefGroup = 9D56F8D22039E00F003BD357 /* Products */;
			projectDirPath = "";
			projectRoot = "";
			targets = (
				9D56F8D02039E00F003BD357 /* Ask */,
				9D56F8E42039E00F003BD357 /* AskTests */,
				9D56F8EF2039E00F003BD357 /* AskUITests */,
			);
		};
/* End PBXProject section */

/* Begin PBXResourcesBuildPhase section */
		9D56F8CF2039E00F003BD357 /* Resources */ = {
			isa = PBXResourcesBuildPhase;
			buildActionMask = 2147483647;
			files = (
				9D56F8DF2039E00F003BD357 /* LaunchScreen.storyboard in Resources */,
				9D56F8DC2039E00F003BD357 /* Assets.xcassets in Resources */,
				9D56F8DA2039E00F003BD357 /* Main.storyboard in Resources */,
			);
			runOnlyForDeploymentPostprocessing = 0;
		};
		9D56F8E32039E00F003BD357 /* Resources */ = {
			isa = PBXResourcesBuildPhase;
			buildActionMask = 2147483647;
			files = (
			);
			runOnlyForDeploymentPostprocessing = 0;
		};
		9D56F8EE2039E00F003BD357 /* Resources */ = {
			isa = PBXResourcesBuildPhase;
			buildActionMask = 2147483647;
			files = (
			);
			runOnlyForDeploymentPostprocessing = 0;
		};
/* End PBXResourcesBuildPhase section */

/* Begin PBXSourcesBuildPhase section */
		9D56F8CD2039E00F003BD357 /* Sources */ = {
			isa = PBXSourcesBuildPhase;
			buildActionMask = 2147483647;
			files = (
				9D56F8D72039E00F003BD357 /* ViewController.swift in Sources */,
				9D56F8D52039E00F003BD357 /* AppDelegate.swift in Sources */,
			);
			runOnlyForDeploymentPostprocessing = 0;
		};
		9D56F8E12039E00F003BD357 /* Sources */ = {
			isa = PBXSourcesBuildPhase;
			buildActionMask = 2147483647;
			files = (
				9D56F8EA2039E00F003BD357 /* AskTests.swift in Sources */,
			);
			runOnlyForDeploymentPostprocessing = 0;
		};
		9D56F8EC2039E00F003BD357 /* Sources */ = {
			isa = PBXSourcesBuildPhase;
			buildActionMask = 2147483647;
			files = (
				9D56F8F52039E00F003BD357 /* AskUITests.swift in Sources */,
			);
			runOnlyForDeploymentPostprocessing = 0;
		};
/* End PBXSourcesBuildPhase section */

/* Begin PBXTargetDependency section */
		9D56F8E72039E00F003BD357 /* PBXTargetDependency */ = {
			isa = PBXTargetDependency;
			target = 9D56F8D02039E00F003BD357 /* Ask */;
			targetProxy = 9D56F8E62039E00F003BD357 /* PBXContainerItemProxy */;
		};
		9D56F8F22039E00F003BD357 /* PBXTargetDependency */ = {
			isa = PBXTargetDependency;
			target = 9D56F8D02039E00F003BD357 /* Ask */;
			targetProxy = 9D56F8F12039E00F003BD357 /* PBXContainerItemProxy */;
		};
/* End PBXTargetDependency section */

/* Begin PBXVariantGroup section */
		9D56F8D82039E00F003BD357 /* Main.storyboard */ = {
			isa = PBXVariantGroup;
			children = (
				9D56F8D92039E00F003BD357 /* Base */,
			);
			name = Main.storyboard;
			sourceTree = "<group>";
		};
		9D56F8DD2039E00F003BD357 /* LaunchScreen.storyboard */ = {
			isa = PBXVariantGroup;
			children = (
				9D56F8DE2039E00F003BD357 /* Base */,
			);
			name = LaunchScreen.storyboard;
			sourceTree = "<group>";
		};
/* End PBXVariantGroup section */

/* Begin XCBuildConfiguration section */
		9D56F8F72039E00F003BD357 /* Debug */ = {
			isa = XCBuildConfiguration;
			buildSettings = {
				ALWAYS_SEARCH_USER_PATHS = NO;
				CLANG_ANALYZER_NONNULL = YES;
				CLANG_ANALYZER_NUMBER_OBJECT_CONVERSION = YES_AGGRESSIVE;
				CLANG_CXX_LANGUAGE_STANDARD = "gnu++14";
				CLANG_CXX_LIBRARY = "libc++";
				CLANG_ENABLE_MODULES = YES;
				CLANG_ENABLE_OBJC_ARC = YES;
				CLANG_WARN_BLOCK_CAPTURE_AUTORELEASING = YES;
				CLANG_WARN_BOOL_CONVERSION = YES;
				CLANG_WARN_COMMA = YES;
				CLANG_WARN_CONSTANT_CONVERSION = YES;
				CLANG_WARN_DIRECT_OBJC_ISA_USAGE = YES_ERROR;
				CLANG_WARN_DOCUMENTATION_COMMENTS = YES;
				CLANG_WARN_EMPTY_BODY = YES;
				CLANG_WARN_ENUM_CONVERSION = YES;
				CLANG_WARN_INFINITE_RECURSION = YES;
				CLANG_WARN_INT_CONVERSION = YES;
				CLANG_WARN_NON_LITERAL_NULL_CONVERSION = YES;
				CLANG_WARN_OBJC_LITERAL_CONVERSION = YES;
				CLANG_WARN_OBJC_ROOT_CLASS = YES_ERROR;
				CLANG_WARN_RANGE_LOOP_ANALYSIS = YES;
				CLANG_WARN_STRICT_PROTOTYPES = YES;
				CLANG_WARN_SUSPICIOUS_MOVE = YES;
				CLANG_WARN_UNGUARDED_AVAILABILITY = YES_AGGRESSIVE;
				CLANG_WARN_UNREACHABLE_CODE = YES;
				CLANG_WARN__DUPLICATE_METHOD_MATCH = YES;
				CODE_SIGN_IDENTITY = "iPhone Developer";
				COPY_PHASE_STRIP = NO;
				DEBUG_INFORMATION_FORMAT = dwarf;
				ENABLE_STRICT_OBJC_MSGSEND = YES;
				ENABLE_TESTABILITY = YES;
				GCC_C_LANGUAGE_STANDARD = gnu11;
				GCC_DYNAMIC_NO_PIC = NO;
				GCC_NO_COMMON_BLOCKS = YES;
				GCC_OPTIMIZATION_LEVEL = 0;
				GCC_PREPROCESSOR_DEFINITIONS = (
					"DEBUG=1",
					"$(inherited)",
				);
				GCC_WARN_64_TO_32_BIT_CONVERSION = YES;
				GCC_WARN_ABOUT_RETURN_TYPE = YES_ERROR;
				GCC_WARN_UNDECLARED_SELECTOR = YES;
				GCC_WARN_UNINITIALIZED_AUTOS = YES_AGGRESSIVE;
				GCC_WARN_UNUSED_FUNCTION = YES;
				GCC_WARN_UNUSED_VARIABLE = YES;
				IPHONEOS_DEPLOYMENT_TARGET = 11.2;
				MTL_ENABLE_DEBUG_INFO = YES;
				ONLY_ACTIVE_ARCH = YES;
				SDKROOT = iphoneos;
				SWIFT_ACTIVE_COMPILATION_CONDITIONS = DEBUG;
				SWIFT_OPTIMIZATION_LEVEL = "-Onone";
			};
			name = Debug;
		};
		9D56F8F82039E00F003BD357 /* Release */ = {
			isa = XCBuildConfiguration;
			buildSettings = {
				ALWAYS_SEARCH_USER_PATHS = NO;
				CLANG_ANALYZER_NONNULL = YES;
				CLANG_ANALYZER_NUMBER_OBJECT_CONVERSION = YES_AGGRESSIVE;
				CLANG_CXX_LANGUAGE_STANDARD = "gnu++14";
				CLANG_CXX_LIBRARY = "libc++";
				CLANG_ENABLE_MODULES = YES;
				CLANG_ENABLE_OBJC_ARC = YES;
				CLANG_WARN_BLOCK_CAPTURE_AUTORELEASING = YES;
				CLANG_WARN_BOOL_CONVERSION = YES;
				CLANG_WARN_COMMA = YES;
				CLANG_WARN_CONSTANT_CONVERSION = YES;
				CLANG_WARN_DIRECT_OBJC_ISA_USAGE = YES_ERROR;
				CLANG_WARN_DOCUMENTATION_COMMENTS = YES;
				CLANG_WARN_EMPTY_BODY = YES;
				CLANG_WARN_ENUM_CONVERSION = YES;
				CLANG_WARN_INFINITE_RECURSION = YES;
				CLANG_WARN_INT_CONVERSION = YES;
				CLANG_WARN_NON_LITERAL_NULL_CONVERSION = YES;
				CLANG_WARN_OBJC_LITERAL_CONVERSION = YES;
				CLANG_WARN_OBJC_ROOT_CLASS = YES_ERROR;
				CLANG_WARN_RANGE_LOOP_ANALYSIS = YES;
				CLANG_WARN_STRICT_PROTOTYPES = YES;
				CLANG_WARN_SUSPICIOUS_MOVE = YES;
				CLANG_WARN_UNGUARDED_AVAILABILITY = YES_AGGRESSIVE;
				CLANG_WARN_UNREACHABLE_CODE = YES;
				CLANG_WARN__DUPLICATE_METHOD_MATCH = YES;
				CODE_SIGN_IDENTITY = "iPhone Developer";
				COPY_PHASE_STRIP = NO;
				DEBUG_INFORMATION_FORMAT = "dwarf-with-dsym";
				ENABLE_NS_ASSERTIONS = NO;
				ENABLE_STRICT_OBJC_MSGSEND = YES;
				GCC_C_LANGUAGE_STANDARD = gnu11;
				GCC_NO_COMMON_BLOCKS = YES;
				GCC_WARN_64_TO_32_BIT_CONVERSION = YES;
				GCC_WARN_ABOUT_RETURN_TYPE = YES_ERROR;
				GCC_WARN_UNDECLARED_SELECTOR = YES;
				GCC_WARN_UNINITIALIZED_AUTOS = YES_AGGRESSIVE;
				GCC_WARN_UNUSED_FUNCTION = YES;
				GCC_WARN_UNUSED_VARIABLE = YES;
				IPHONEOS_DEPLOYMENT_TARGET = 11.2;
				MTL_ENABLE_DEBUG_INFO = NO;
				SDKROOT = iphoneos;
				SWIFT_OPTIMIZATION_LEVEL = "-Owholemodule";
				VALIDATE_PRODUCT = YES;
			};
			name = Release;
		};
		9D56F8FA2039E00F003BD357 /* Debug */ = {
			isa = XCBuildConfiguration;
			buildSettings = {
				ASSETCATALOG_COMPILER_APPICON_NAME = AppIcon;
				CODE_SIGN_STYLE = Automatic;
				DEVELOPMENT_TEAM = 797Q3HJ5U5;
				INFOPLIST_FILE = Ask/Info.plist;
				LD_RUNPATH_SEARCH_PATHS = "$(inherited) @executable_path/Frameworks";
				PRODUCT_BUNDLE_IDENTIFIER = com.aatech.Ask;
				PRODUCT_NAME = "$(TARGET_NAME)";
				SWIFT_VERSION = 4.0;
				TARGETED_DEVICE_FAMILY = "1,2";
			};
			name = Debug;
		};
		9D56F8FB2039E00F003BD357 /* Release */ = {
			isa = XCBuildConfiguration;
			buildSettings = {
				ASSETCATALOG_COMPILER_APPICON_NAME = AppIcon;
				CODE_SIGN_STYLE = Automatic;
				DEVELOPMENT_TEAM = 797Q3HJ5U5;
				INFOPLIST_FILE = Ask/Info.plist;
				LD_RUNPATH_SEARCH_PATHS = "$(inherited) @executable_path/Frameworks";
				PRODUCT_BUNDLE_IDENTIFIER = com.aatech.Ask;
				PRODUCT_NAME = "$(TARGET_NAME)";
				SWIFT_VERSION = 4.0;
				TARGETED_DEVICE_FAMILY = "1,2";
			};
			name = Release;
		};
		9D56F8FD2039E00F003BD357 /* Debug */ = {
			isa = XCBuildConfiguration;
			buildSettings = {
				ALWAYS_EMBED_SWIFT_STANDARD_LIBRARIES = YES;
				BUNDLE_LOADER = "$(TEST_HOST)";
				CODE_SIGN_STYLE = Automatic;
				DEVELOPMENT_TEAM = 797Q3HJ5U5;
				INFOPLIST_FILE = AskTests/Info.plist;
				LD_RUNPATH_SEARCH_PATHS = "$(inherited) @executable_path/Frameworks @loader_path/Frameworks";
				PRODUCT_BUNDLE_IDENTIFIER = com.aatech.AskTests;
				PRODUCT_NAME = "$(TARGET_NAME)";
				SWIFT_VERSION = 4.0;
				TARGETED_DEVICE_FAMILY = "1,2";
				TEST_HOST = "$(BUILT_PRODUCTS_DIR)/Ask.app/Ask";
			};
			name = Debug;
		};
		9D56F8FE2039E00F003BD357 /* Release */ = {
			isa = XCBuildConfiguration;
			buildSettings = {
				ALWAYS_EMBED_SWIFT_STANDARD_LIBRARIES = YES;
				BUNDLE_LOADER = "$(TEST_HOST)";
				CODE_SIGN_STYLE = Automatic;
				DEVELOPMENT_TEAM = 797Q3HJ5U5;
				INFOPLIST_FILE = AskTests/Info.plist;
				LD_RUNPATH_SEARCH_PATHS = "$(inherited) @executable_path/Frameworks @loader_path/Frameworks";
				PRODUCT_BUNDLE_IDENTIFIER = com.aatech.AskTests;
				PRODUCT_NAME = "$(TARGET_NAME)";
				SWIFT_VERSION = 4.0;
				TARGETED_DEVICE_FAMILY = "1,2";
				TEST_HOST = "$(BUILT_PRODUCTS_DIR)/Ask.app/Ask";
			};
			name = Release;
		};
		9D56F9002039E00F003BD357 /* Debug */ = {
			isa = XCBuildConfiguration;
			buildSettings = {
				ALWAYS_EMBED_SWIFT_STANDARD_LIBRARIES = YES;
				CODE_SIGN_STYLE = Automatic;
				DEVELOPMENT_TEAM = 797Q3HJ5U5;
				INFOPLIST_FILE = AskUITests/Info.plist;
				LD_RUNPATH_SEARCH_PATHS = "$(inherited) @executable_path/Frameworks @loader_path/Frameworks";
				PRODUCT_BUNDLE_IDENTIFIER = com.aatech.AskUITests;
				PRODUCT_NAME = "$(TARGET_NAME)";
				SWIFT_VERSION = 4.0;
				TARGETED_DEVICE_FAMILY = "1,2";
				TEST_TARGET_NAME = Ask;
			};
			name = Debug;
		};
		9D56F9012039E00F003BD357 /* Release */ = {
			isa = XCBuildConfiguration;
			buildSettings = {
				ALWAYS_EMBED_SWIFT_STANDARD_LIBRARIES = YES;
				CODE_SIGN_STYLE = Automatic;
				DEVELOPMENT_TEAM = 797Q3HJ5U5;
				INFOPLIST_FILE = AskUITests/Info.plist;
				LD_RUNPATH_SEARCH_PATHS = "$(inherited) @executable_path/Frameworks @loader_path/Frameworks";
				PRODUCT_BUNDLE_IDENTIFIER = com.aatech.AskUITests;
				PRODUCT_NAME = "$(TARGET_NAME)";
				SWIFT_VERSION = 4.0;
				TARGETED_DEVICE_FAMILY = "1,2";
				TEST_TARGET_NAME = Ask;
			};
			name = Release;
		};
/* End XCBuildConfiguration section */

/* Begin XCConfigurationList section */
		9D56F8CC2039E00F003BD357 /* Build configuration list for PBXProject "Ask" */ = {
			isa = XCConfigurationList;
			buildConfigurations = (
				9D56F8F72039E00F003BD357 /* Debug */,
				9D56F8F82039E00F003BD357 /* Release */,
			);
			defaultConfigurationIsVisible = 0;
			defaultConfigurationName = Release;
		};
		9D56F8F92039E00F003BD357 /* Build configuration list for PBXNativeTarget "Ask" */ = {
			isa = XCConfigurationList;
			buildConfigurations = (
				9D56F8FA2039E00F003BD357 /* Debug */,
				9D56F8FB2039E00F003BD357 /* Release */,
			);
			defaultConfigurationIsVisible = 0;
			defaultConfigurationName = Release;
		};
		9D56F8FC2039E00F003BD357 /* Build configuration list for PBXNativeTarget "AskTests" */ = {
			isa = XCConfigurationList;
			buildConfigurations = (
				9D56F8FD2039E00F003BD357 /* Debug */,
				9D56F8FE2039E00F003BD357 /* Release */,
			);
			defaultConfigurationIsVisible = 0;
			defaultConfigurationName = Release;
		};
		9D56F8FF2039E00F003BD357 /* Build configuration list for PBXNativeTarget "AskUITests" */ = {
			isa = XCConfigurationList;
			buildConfigurations = (
				9D56F9002039E00F003BD357 /* Debug */,
				9D56F9012039E00F003BD357 /* Release */,
			);
			defaultConfigurationIsVisible = 0;
			defaultConfigurationName = Release;
		};
/* End XCConfigurationList section */
	};
	rootObject = 9D56F8C92039E00F003BD357 /* Project object */;
}
